
Microsoft Visual Studio Solution File, Format Version 12.00
# Visual Studio Version 16
VisualStudioVersion = 16.0.31205.134
MinimumVisualStudioVersion = 10.0.40219.1
Project("{9A19103F-16F7-4668-BE54-9A1E7A4F7556}") = "BusinessLogicLayer", "BusinessLayer\BusinessLogicLayer.csproj", "{A7D67D86-D85A-4754-9ABC-8411AC6A2F9E}"
EndProject
Project("{FAE04EC0-301F-11D3-BF4B-00C04F79EFBC}") = "DataAccessLayer", "DataAccessLayer\DataAccessLayer.csproj", "{235CD88B-8AE8-4D44-B857-68F19FC7785E}"
EndProject
Project("{FAE04EC0-301F-11D3-BF4B-00C04F79EFBC}") = "Api", "Api\Api.csproj", "{0DFF9725-D30C-4A86-A368-107AF1E62B4F}"
EndProject
Global
	GlobalSection(SolutionConfigurationPlatforms) = preSolution
		Debug|Any CPU = Debug|Any CPU
		Release|Any CPU = Release|Any CPU
	EndGlobalSection
	GlobalSection(ProjectConfigurationPlatforms) = postSolution
		{A7D67D86-D85A-4754-9ABC-8411AC6A2F9E}.Debug|Any CPU.ActiveCfg = Debug|Any CPU
		{A7D67D86-D85A-4754-9ABC-8411AC6A2F9E}.Debug|Any CPU.Build.0 = Debug|Any CPU
		{A7D67D86-D85A-4754-9ABC-8411AC6A2F9E}.Release|Any CPU.ActiveCfg = Release|Any CPU
		{A7D67D86-D85A-4754-9ABC-8411AC6A2F9E}.Release|Any CPU.Build.0 = Release|Any CPU
		{235CD88B-8AE8-4D44-B857-68F19FC7785E}.Debug|Any CPU.ActiveCfg = Debug|Any CPU
		{235CD88B-8AE8-4D44-B857-68F19FC7785E}.Debug|Any CPU.Build.0 = Debug|Any CPU
		{235CD88B-8AE8-4D44-B857-68F19FC7785E}.Release|Any CPU.ActiveCfg = Release|Any CPU
		{235CD88B-8AE8-4D44-B857-68F19FC7785E}.Release|Any CPU.Build.0 = Release|Any CPU
		{0DFF9725-D30C-4A86-A368-107AF1E62B4F}.Debug|Any CPU.ActiveCfg = Debug|Any CPU
		{0DFF9725-D30C-4A86-A368-107AF1E62B4F}.Debug|Any CPU.Build.0 = Debug|Any CPU
		{0DFF9725-D30C-4A86-A368-107AF1E62B4F}.Release|Any CPU.ActiveCfg = Release|Any CPU
		{0DFF9725-D30C-4A86-A368-107AF1E62B4F}.Release|Any CPU.Build.0 = Release|Any CPU
	EndGlobalSection
	GlobalSection(SolutionProperties) = preSolution
		HideSolutionNode = FALSE
	EndGlobalSection
	GlobalSection(ExtensibilityGlobals) = postSolution
		SolutionGuid = {22946E57-8059-46C3-BBC8-18E9141175C7}
	EndGlobalSection
EndGlobal
